
Microsoft Visual Studio Solution File, Format Version 12.00
# Visual Studio Version 16
VisualStudioVersion = 16.0.29911.84
MinimumVisualStudioVersion = 10.0.40219.1
Project("{FAE04EC0-301F-11D3-BF4B-00C04F79EFBC}") = "ADOSample", "ADOSample\ADOSample.csproj", "{BDD958A5-48E5-441B-8A51-5133E3903E99}"
EndProject
Global
	GlobalSection(SolutionConfigurationPlatforms) = preSolution
		Debug|Any CPU = Debug|Any CPU
		Release|Any CPU = Release|Any CPU
	EndGlobalSection
	GlobalSection(ProjectConfigurationPlatforms) = postSolution
		{BDD958A5-48E5-441B-8A51-5133E3903E99}.Debug|Any CPU.ActiveCfg = Debug|Any CPU
		{BDD958A5-48E5-441B-8A51-5133E3903E99}.Debug|Any CPU.Build.0 = Debug|Any CPU
		{BDD958A5-48E5-441B-8A51-5133E3903E99}.Release|Any CPU.ActiveCfg = Release|Any CPU
		{BDD958A5-48E5-441B-8A51-5133E3903E99}.Release|Any CPU.Build.0 = Release|Any CPU
	EndGlobalSection
	GlobalSection(SolutionProperties) = preSolution
		HideSolutionNode = FALSE
	EndGlobalSection
	GlobalSection(ExtensibilityGlobals) = postSolution
		SolutionGuid = {3D23AC97-8388-4FFD-9058-4A66BF67A47C}
	EndGlobalSection
EndGlobal
